// !$*UTF8*$!
{
	archiveVersion = 1;
	classes = {
	};
	objectVersion = 46;
	objects = {

/* Begin PBXBuildFile section */
		8BF3B3BD1A508D190086C7A1 /* AppDelegate.swift in Sources */ = {isa = PBXBuildFile; fileRef = 8BF3B3BC1A508D190086C7A1 /* AppDelegate.swift */; };
		8BF3B3BF1A508D190086C7A1 /* ViewController.swift in Sources */ = {isa = PBXBuildFile; fileRef = 8BF3B3BE1A508D190086C7A1 /* ViewController.swift */; };
		8BF3B3C21A508D190086C7A1 /* Main.storyboard in Resources */ = {isa = PBXBuildFile; fileRef = 8BF3B3C01A508D190086C7A1 /* Main.storyboard */; };
		8BF3B3C41A508D190086C7A1 /* Images.xcassets in Resources */ = {isa = PBXBuildFile; fileRef = 8BF3B3C31A508D190086C7A1 /* Images.xcassets */; };
		8BF3B3C71A508D190086C7A1 /* LaunchScreen.xib in Resources */ = {isa = PBXBuildFile; fileRef = 8BF3B3C51A508D190086C7A1 /* LaunchScreen.xib */; };
		8BF3B3D31A508D190086C7A1 /* PostcardTests.swift in Sources */ = {isa = PBXBuildFile; fileRef = 8BF3B3D21A508D190086C7A1 /* PostcardTests.swift */; };
		8BF3B3DD1A5094FA0086C7A1 /* SagradaFamilia.jpeg in Resources */ = {isa = PBXBuildFile; fileRef = 8BF3B3DC1A5094FA0086C7A1 /* SagradaFamilia.jpeg */; };
		8BF3B3DF1A50988E0086C7A1 /* AlbertEinsteinStamp.jpg in Resources */ = {isa = PBXBuildFile; fileRef = 8BF3B3DE1A50988E0086C7A1 /* AlbertEinsteinStamp.jpg */; };
/* End PBXBuildFile section */

/* Begin PBXContainerItemProxy section */
		8BF3B3CD1A508D190086C7A1 /* PBXContainerItemProxy */ = {
			isa = PBXContainerItemProxy;
			containerPortal = 8BF3B3AF1A508D180086C7A1 /* Project object */;
			proxyType = 1;
			remoteGlobalIDString = 8BF3B3B61A508D180086C7A1;
			remoteInfo = Postcard;
		};
/* End PBXContainerItemProxy section */

/* Begin PBXFileReference section */
		8BF3B3B71A508D190086C7A1 /* Postcard.app */ = {isa = PBXFileReference; explicitFileType = wrapper.application; includeInIndex = 0; path = Postcard.app; sourceTree = BUILT_PRODUCTS_DIR; };
		8BF3B3BB1A508D190086C7A1 /* Info.plist */ = {isa = PBXFileReference; lastKnownFileType = text.plist.xml; path = Info.plist; sourceTree = "<group>"; };
		8BF3B3BC1A508D190086C7A1 /* AppDelegate.swift */ = {isa = PBXFileReference; lastKnownFileType = sourcecode.swift; path = AppDelegate.swift; sourceTree = "<group>"; };
		8BF3B3BE1A508D190086C7A1 /* ViewController.swift */ = {isa = PBXFileReference; lastKnownFileType = sourcecode.swift; path = ViewController.swift; sourceTree = "<group>"; };
		8BF3B3C11A508D190086C7A1 /* Base */ = {isa = PBXFileReference; lastKnownFileType = file.storyboard; name = Base; path = Base.lproj/Main.storyboard; sourceTree = "<group>"; };
		8BF3B3C31A508D190086C7A1 /* Images.xcassets */ = {isa = PBXFileReference; lastKnownFileType = folder.assetcatalog; path = Images.xcassets; sourceTree = "<group>"; };
		8BF3B3C61A508D190086C7A1 /* Base */ = {isa = PBXFileReference; lastKnownFileType = file.xib; name = Base; path = Base.lproj/LaunchScreen.xib; sourceTree = "<group>"; };
		8BF3B3CC1A508D190086C7A1 /* PostcardTests.xctest */ = {isa = PBXFileReference; explicitFileType = wrapper.cfbundle; includeInIndex = 0; path = PostcardTests.xctest; sourceTree = BUILT_PRODUCTS_DIR; };
		8BF3B3D11A508D190086C7A1 /* Info.plist */ = {isa = PBXFileReference; lastKnownFileType = text.plist.xml; path = Info.plist; sourceTree = "<group>"; };
		8BF3B3D21A508D190086C7A1 /* PostcardTests.swift */ = {isa = PBXFileReference; lastKnownFileType = sourcecode.swift; path = PostcardTests.swift; sourceTree = "<group>"; };
		8BF3B3DC1A5094FA0086C7A1 /* SagradaFamilia.jpeg */ = {isa = PBXFileReference; lastKnownFileType = image.jpeg; path = SagradaFamilia.jpeg; sourceTree = "<group>"; };
		8BF3B3DE1A50988E0086C7A1 /* AlbertEinsteinStamp.jpg */ = {isa = PBXFileReference; lastKnownFileType = image.jpeg; path = AlbertEinsteinStamp.jpg; sourceTree = "<group>"; };
/* End PBXFileReference section */

/* Begin PBXFrameworksBuildPhase section */
		8BF3B3B41A508D180086C7A1 /* Frameworks */ = {
			isa = PBXFrameworksBuildPhase;
			buildActionMask = 2147483647;
			files = (
			);
			runOnlyForDeploymentPostprocessing = 0;
		};
		8BF3B3C91A508D190086C7A1 /* Frameworks */ = {
			isa = PBXFrameworksBuildPhase;
			buildActionMask = 2147483647;
			files = (
			);
			runOnlyForDeploymentPostprocessing = 0;
		};
/* End PBXFrameworksBuildPhase section */

/* Begin PBXGroup section */
		8BF3B3AE1A508D180086C7A1 = {
			isa = PBXGroup;
			children = (
				8BF3B3B91A508D190086C7A1 /* Postcard */,
				8BF3B3CF1A508D190086C7A1 /* PostcardTests */,
				8BF3B3B81A508D190086C7A1 /* Products */,
			);
			sourceTree = "<group>";
		};
		8BF3B3B81A508D190086C7A1 /* Products */ = {
			isa = PBXGroup;
			children = (
				8BF3B3B71A508D190086C7A1 /* Postcard.app */,
				8BF3B3CC1A508D190086C7A1 /* PostcardTests.xctest */,
			);
			name = Products;
			sourceTree = "<group>";
		};
		8BF3B3B91A508D190086C7A1 /* Postcard */ = {
			isa = PBXGroup;
			children = (
				8BF3B3BC1A508D190086C7A1 /* AppDelegate.swift */,
				8BF3B3BE1A508D190086C7A1 /* ViewController.swift */,
				8BF3B3C01A508D190086C7A1 /* Main.storyboard */,
				8BF3B3C31A508D190086C7A1 /* Images.xcassets */,
				8BF3B3C51A508D190086C7A1 /* LaunchScreen.xib */,
				8BF3B3BA1A508D190086C7A1 /* Supporting Files */,
			);
			path = Postcard;
			sourceTree = "<group>";
		};
		8BF3B3BA1A508D190086C7A1 /* Supporting Files */ = {
			isa = PBXGroup;
			children = (
				8BF3B3DE1A50988E0086C7A1 /* AlbertEinsteinStamp.jpg */,
				8BF3B3DC1A5094FA0086C7A1 /* SagradaFamilia.jpeg */,
				8BF3B3BB1A508D190086C7A1 /* Info.plist */,
			);
			name = "Supporting Files";
			sourceTree = "<group>";
		};
		8BF3B3CF1A508D190086C7A1 /* PostcardTests */ = {
			isa = PBXGroup;
			children = (
				8BF3B3D21A508D190086C7A1 /* PostcardTests.swift */,
				8BF3B3D01A508D190086C7A1 /* Supporting Files */,
			);
			path = PostcardTests;
			sourceTree = "<group>";
		};
		8BF3B3D01A508D190086C7A1 /* Supporting Files */ = {
			isa = PBXGroup;
			children = (
				8BF3B3D11A508D190086C7A1 /* Info.plist */,
			);
			name = "Supporting Files";
			sourceTree = "<group>";
		};
/* End PBXGroup section */

/* Begin PBXNativeTarget section */
		8BF3B3B61A508D180086C7A1 /* Postcard */ = {
			isa = PBXNativeTarget;
			buildConfigurationList = 8BF3B3D61A508D190086C7A1 /* Build configuration list for PBXNativeTarget "Postcard" */;
			buildPhases = (
				8BF3B3B31A508D180086C7A1 /* Sources */,
				8BF3B3B41A508D180086C7A1 /* Frameworks */,
				8BF3B3B51A508D180086C7A1 /* Resources */,
			);
			buildRules = (
			);
			dependencies = (
			);
			name = Postcard;
			productName = Postcard;
			productReference = 8BF3B3B71A508D190086C7A1 /* Postcard.app */;
			productType = "com.apple.product-type.application";
		};
		8BF3B3CB1A508D190086C7A1 /* PostcardTests */ = {
			isa = PBXNativeTarget;
			buildConfigurationList = 8BF3B3D91A508D190086C7A1 /* Build configuration list for PBXNativeTarget "PostcardTests" */;
			buildPhases = (
				8BF3B3C81A508D190086C7A1 /* Sources */,
				8BF3B3C91A508D190086C7A1 /* Frameworks */,
				8BF3B3CA1A508D190086C7A1 /* Resources */,
			);
			buildRules = (
			);
			dependencies = (
				8BF3B3CE1A508D190086C7A1 /* PBXTargetDependency */,
			);
			name = PostcardTests;
			productName = PostcardTests;
			productReference = 8BF3B3CC1A508D190086C7A1 /* PostcardTests.xctest */;
			productType = "com.apple.product-type.bundle.unit-test";
		};
/* End PBXNativeTarget section */

/* Begin PBXProject section */
		8BF3B3AF1A508D180086C7A1 /* Project object */ = {
			isa = PBXProject;
			attributes = {
				LastUpgradeCheck = 0610;
				ORGANIZATIONNAME = "B2 Web Studios";
				TargetAttributes = {
					8BF3B3B61A508D180086C7A1 = {
						CreatedOnToolsVersion = 6.1.1;
					};
					8BF3B3CB1A508D190086C7A1 = {
						CreatedOnToolsVersion = 6.1.1;
						TestTargetID = 8BF3B3B61A508D180086C7A1;
					};
				};
			};
			buildConfigurationList = 8BF3B3B21A508D180086C7A1 /* Build configuration list for PBXProject "Postcard" */;
			compatibilityVersion = "Xcode 3.2";
			developmentRegion = English;
			hasScannedForEncodings = 0;
			knownRegions = (
				en,
				Base,
			);
			mainGroup = 8BF3B3AE1A508D180086C7A1;
			productRefGroup = 8BF3B3B81A508D190086C7A1 /* Products */;
			projectDirPath = "";
			projectRoot = "";
			targets = (
				8BF3B3B61A508D180086C7A1 /* Postcard */,
				8BF3B3CB1A508D190086C7A1 /* PostcardTests */,
			);
		};
/* End PBXProject section */

/* Begin PBXResourcesBuildPhase section */
		8BF3B3B51A508D180086C7A1 /* Resources */ = {
			isa = PBXResourcesBuildPhase;
			buildActionMask = 2147483647;
			files = (
				8BF3B3C21A508D190086C7A1 /* Main.storyboard in Resources */,
				8BF3B3DD1A5094FA0086C7A1 /* SagradaFamilia.jpeg in Resources */,
				8BF3B3DF1A50988E0086C7A1 /* AlbertEinsteinStamp.jpg in Resources */,
				8BF3B3C71A508D190086C7A1 /* LaunchScreen.xib in Resources */,
				8BF3B3C41A508D190086C7A1 /* Images.xcassets in Resources */,
			);
			runOnlyForDeploymentPostprocessing = 0;
		};
		8BF3B3CA1A508D190086C7A1 /* Resources */ = {
			isa = PBXResourcesBuildPhase;
			buildActionMask = 2147483647;
			files = (
			);
			runOnlyForDeploymentPostprocessing = 0;
		};
/* End PBXResourcesBuildPhase section */

/* Begin PBXSourcesBuildPhase section */
		8BF3B3B31A508D180086C7A1 /* Sources */ = {
			isa = PBXSourcesBuildPhase;
			buildActionMask = 2147483647;
			files = (
				8BF3B3BF1A508D190086C7A1 /* ViewController.swift in Sources */,
				8BF3B3BD1A508D190086C7A1 /* AppDelegate.swift in Sources */,
			);
			runOnlyForDeploymentPostprocessing = 0;
		};
		8BF3B3C81A508D190086C7A1 /* Sources */ = {
			isa = PBXSourcesBuildPhase;
			buildActionMask = 2147483647;
			files = (
				8BF3B3D31A508D190086C7A1 /* PostcardTests.swift in Sources */,
			);
			runOnlyForDeploymentPostprocessing = 0;
		};
/* End PBXSourcesBuildPhase section */

/* Begin PBXTargetDependency section */
		8BF3B3CE1A508D190086C7A1 /* PBXTargetDependency */ = {
			isa = PBXTargetDependency;
			target = 8BF3B3B61A508D180086C7A1 /* Postcard */;
			targetProxy = 8BF3B3CD1A508D190086C7A1 /* PBXContainerItemProxy */;
		};
/* End PBXTargetDependency section */

/* Begin PBXVariantGroup section */
		8BF3B3C01A508D190086C7A1 /* Main.storyboard */ = {
			isa = PBXVariantGroup;
			children = (
				8BF3B3C11A508D190086C7A1 /* Base */,
			);
			name = Main.storyboard;
			sourceTree = "<group>";
		};
		8BF3B3C51A508D190086C7A1 /* LaunchScreen.xib */ = {
			isa = PBXVariantGroup;
			children = (
				8BF3B3C61A508D190086C7A1 /* Base */,
			);
			name = LaunchScreen.xib;
			sourceTree = "<group>";
		};
/* End PBXVariantGroup section */

/* Begin XCBuildConfiguration section */
		8BF3B3D41A508D190086C7A1 /* Debug */ = {
			isa = XCBuildConfiguration;
			buildSettings = {
				ALWAYS_SEARCH_USER_PATHS = NO;
				CLANG_CXX_LANGUAGE_STANDARD = "gnu++0x";
				CLANG_CXX_LIBRARY = "libc++";
				CLANG_ENABLE_MODULES = YES;
				CLANG_ENABLE_OBJC_ARC = YES;
				CLANG_WARN_BOOL_CONVERSION = YES;
				CLANG_WARN_CONSTANT_CONVERSION = YES;
				CLANG_WARN_DIRECT_OBJC_ISA_USAGE = YES_ERROR;
				CLANG_WARN_EMPTY_BODY = YES;
				CLANG_WARN_ENUM_CONVERSION = YES;
				CLANG_WARN_INT_CONVERSION = YES;
				CLANG_WARN_OBJC_ROOT_CLASS = YES_ERROR;
				CLANG_WARN_UNREACHABLE_CODE = YES;
				CLANG_WARN__DUPLICATE_METHOD_MATCH = YES;
				"CODE_SIGN_IDENTITY[sdk=iphoneos*]" = "iPhone Developer";
				COPY_PHASE_STRIP = NO;
				ENABLE_STRICT_OBJC_MSGSEND = YES;
				GCC_C_LANGUAGE_STANDARD = gnu99;
				GCC_DYNAMIC_NO_PIC = NO;
				GCC_OPTIMIZATION_LEVEL = 0;
				GCC_PREPROCESSOR_DEFINITIONS = (
					"DEBUG=1",
					"$(inherited)",
				);
				GCC_SYMBOLS_PRIVATE_EXTERN = NO;
				GCC_WARN_64_TO_32_BIT_CONVERSION = YES;
				GCC_WARN_ABOUT_RETURN_TYPE = YES_ERROR;
				GCC_WARN_UNDECLARED_SELECTOR = YES;
				GCC_WARN_UNINITIALIZED_AUTOS = YES_AGGRESSIVE;
				GCC_WARN_UNUSED_FUNCTION = YES;
				GCC_WARN_UNUSED_VARIABLE = YES;
				IPHONEOS_DEPLOYMENT_TARGET = 8.1;
				MTL_ENABLE_DEBUG_INFO = YES;
				ONLY_ACTIVE_ARCH = YES;
				SDKROOT = iphoneos;
				SWIFT_OPTIMIZATION_LEVEL = "-Onone";
				TARGETED_DEVICE_FAMILY = "1,2";
			};
			name = Debug;
		};
		8BF3B3D51A508D190086C7A1 /* Release */ = {
			isa = XCBuildConfiguration;
			buildSettings = {
				ALWAYS_SEARCH_USER_PATHS = NO;
				CLANG_CXX_LANGUAGE_STANDARD = "gnu++0x";
				CLANG_CXX_LIBRARY = "libc++";
				CLANG_ENABLE_MODULES = YES;
				CLANG_ENABLE_OBJC_ARC = YES;
				CLANG_WARN_BOOL_CONVERSION = YES;
				CLANG_WARN_CONSTANT_CONVERSION = YES;
				CLANG_WARN_DIRECT_OBJC_ISA_USAGE = YES_ERROR;
				CLANG_WARN_EMPTY_BODY = YES;
				CLANG_WARN_ENUM_CONVERSION = YES;
				CLANG_WARN_INT_CONVERSION = YES;
				CLANG_WARN_OBJC_ROOT_CLASS = YES_ERROR;
				CLANG_WARN_UNREACHABLE_CODE = YES;
				CLANG_WARN__DUPLICATE_METHOD_MATCH = YES;
				"CODE_SIGN_IDENTITY[sdk=iphoneos*]" = "iPhone Developer";
				COPY_PHASE_STRIP = YES;
				ENABLE_NS_ASSERTIONS = NO;
				ENABLE_STRICT_OBJC_MSGSEND = YES;
				GCC_C_LANGUAGE_STANDARD = gnu99;
				GCC_WARN_64_TO_32_BIT_CONVERSION = YES;
				GCC_WARN_ABOUT_RETURN_TYPE = YES_ERROR;
				GCC_WARN_UNDECLARED_SELECTOR = YES;
				GCC_WARN_UNINITIALIZED_AUTOS = YES_AGGRESSIVE;
				GCC_WARN_UNUSED_FUNCTION = YES;
				GCC_WARN_UNUSED_VARIABLE = YES;
				IPHONEOS_DEPLOYMENT_TARGET = 8.1;
				MTL_ENABLE_DEBUG_INFO = NO;
				SDKROOT = iphoneos;
				TARGETED_DEVICE_FAMILY = "1,2";
				VALIDATE_PRODUCT = YES;
			};
			name = Release;
		};
		8BF3B3D71A508D190086C7A1 /* Debug */ = {
			isa = XCBuildConfiguration;
			buildSettings = {
				ASSETCATALOG_COMPILER_APPICON_NAME = AppIcon;
				INFOPLIST_FILE = Postcard/Info.plist;
				LD_RUNPATH_SEARCH_PATHS = "$(inherited) @executable_path/Frameworks";
				PRODUCT_NAME = "$(TARGET_NAME)";
			};
			name = Debug;
		};
		8BF3B3D81A508D190086C7A1 /* Release */ = {
			isa = XCBuildConfiguration;
			buildSettings = {
				ASSETCATALOG_COMPILER_APPICON_NAME = AppIcon;
				INFOPLIST_FILE = Postcard/Info.plist;
				LD_RUNPATH_SEARCH_PATHS = "$(inherited) @executable_path/Frameworks";
				PRODUCT_NAME = "$(TARGET_NAME)";
			};
			name = Release;
		};
		8BF3B3DA1A508D190086C7A1 /* Debug */ = {
			isa = XCBuildConfiguration;
			buildSettings = {
				BUNDLE_LOADER = "$(TEST_HOST)";
				FRAMEWORK_SEARCH_PATHS = (
					"$(SDKROOT)/Developer/Library/Frameworks",
					"$(inherited)",
				);
				GCC_PREPROCESSOR_DEFINITIONS = (
					"DEBUG=1",
					"$(inherited)",
				);
				INFOPLIST_FILE = PostcardTests/Info.plist;
				LD_RUNPATH_SEARCH_PATHS = "$(inherited) @executable_path/Frameworks @loader_path/Frameworks";
				PRODUCT_NAME = "$(TARGET_NAME)";
				TEST_HOST = "$(BUILT_PRODUCTS_DIR)/Postcard.app/Postcard";
			};
			name = Debug;
		};
		8BF3B3DB1A508D190086C7A1 /* Release */ = {
			isa = XCBuildConfiguration;
			buildSettings = {
				BUNDLE_LOADER = "$(TEST_HOST)";
				FRAMEWORK_SEARCH_PATHS = (
					"$(SDKROOT)/Developer/Library/Frameworks",
					"$(inherited)",
				);
				INFOPLIST_FILE = PostcardTests/Info.plist;
				LD_RUNPATH_SEARCH_PATHS = "$(inherited) @executable_path/Frameworks @loader_path/Frameworks";
				PRODUCT_NAME = "$(TARGET_NAME)";
				TEST_HOST = "$(BUILT_PRODUCTS_DIR)/Postcard.app/Postcard";
			};
			name = Release;
		};
/* End XCBuildConfiguration section */

/* Begin XCConfigurationList section */
		8BF3B3B21A508D180086C7A1 /* Build configuration list for PBXProject "Postcard" */ = {
			isa = XCConfigurationList;
			buildConfigurations = (
				8BF3B3D41A508D190086C7A1 /* Debug */,
				8BF3B3D51A508D190086C7A1 /* Release */,
			);
			defaultConfigurationIsVisible = 0;
			defaultConfigurationName = Release;
		};
		8BF3B3D61A508D190086C7A1 /* Build configuration list for PBXNativeTarget "Postcard" */ = {
			isa = XCConfigurationList;
			buildConfigurations = (
				8BF3B3D71A508D190086C7A1 /* Debug */,
				8BF3B3D81A508D190086C7A1 /* Release */,
			);
			defaultConfigurationIsVisible = 0;
		};
		8BF3B3D91A508D190086C7A1 /* Build configuration list for PBXNativeTarget "PostcardTests" */ = {
			isa = XCConfigurationList;
			buildConfigurations = (
				8BF3B3DA1A508D190086C7A1 /* Debug */,
				8BF3B3DB1A508D190086C7A1 /* Release */,
			);
			defaultConfigurationIsVisible = 0;
		};
/* End XCConfigurationList section */
	};
	rootObject = 8BF3B3AF1A508D180086C7A1 /* Project object */;
}
